# THIS IS AN AUTOGENERATED FILE. DO NOT EDIT THIS FILE DIRECTLY.
# yarn lockfile v1


vue@2.5.2:
  version "2.5.2"
  resolved "https://registry.yarnpkg.com/vue/-/vue-2.5.2.tgz#fd367a87bae7535e47f9dc5c9ec3b496e5feb5a4"
  integrity sha512-Au9rf8fPkBulFHfZ406UaQDd1jH9fqGRIM+0IHilrXnJ/0TeeMH4SBkNxWf2dGevl2S3aVeu0E/WklEv0/msag==

vuejs-datepicker@latest:
  version "1.6.2"
  resolved "https://registry.yarnpkg.com/vuejs-datepicker/-/vuejs-datepicker-1.6.2.tgz#83c1e8fd4108e7f1d01c061a7e344918f25e47ae"
  integrity sha512-PkC4vxzFBo7i6FSCUAJfnaWOx6VkKbOqxijSGHHlWxh8FIUKEZVtFychkonVWtK3iwWfhmYtqHcwsmgxefLpLQ==
